
Microsoft Visual Studio Solution File, Format Version 12.00
# Visual Studio Version 17
VisualStudioVersion = 17.2.32602.215
MinimumVisualStudioVersion = 10.0.40219.1
Project("{9A19103F-16F7-4668-BE54-9A1E7A4F7556}") = "PlayStationGames", "PlayStationGames.csproj", "{3A261ADC-727D-4DFA-A129-1B1DE0506DE6}"
	ProjectSection(ProjectDependencies) = postProject
		{CAED1BD5-9DBE-4868-885A-04071C10DE47} = {CAED1BD5-9DBE-4868-885A-04071C10DE47}
		{EA20D32C-DBBF-41E5-AEF2-0A6E45BAF2E2} = {EA20D32C-DBBF-41E5-AEF2-0A6E45BAF2E2}
	EndProjectSection
EndProject
Project("{FAE04EC0-301F-11D3-BF4B-00C04F79EFBC}") = "OxLibrary", "..\__Libraries\C#\Ox\OxLibrary\OxLibrary.csproj", "{CAED1BD5-9DBE-4868-885A-04071C10DE47}"
EndProject
Project("{FAE04EC0-301F-11D3-BF4B-00C04F79EFBC}") = "OxDAOEngine", "..\__Libraries\C#\Ox\OxDAOEngine\OxDAOEngine.csproj", "{EA20D32C-DBBF-41E5-AEF2-0A6E45BAF2E2}"
EndProject
Project("{2150E333-8FDC-42A3-9474-1A3956D46DE8}") = "__Libraries", "__Libraries", "{FA6DFFB3-EAFD-4704-B939-341BC41D8F14}"
EndProject
Global
	GlobalSection(SolutionConfigurationPlatforms) = preSolution
		Debug|Any CPU = Debug|Any CPU
		Release|Any CPU = Release|Any CPU
	EndGlobalSection
	GlobalSection(ProjectConfigurationPlatforms) = postSolution
		{3A261ADC-727D-4DFA-A129-1B1DE0506DE6}.Debug|Any CPU.ActiveCfg = Debug|Any CPU
		{3A261ADC-727D-4DFA-A129-1B1DE0506DE6}.Debug|Any CPU.Build.0 = Debug|Any CPU
		{3A261ADC-727D-4DFA-A129-1B1DE0506DE6}.Release|Any CPU.ActiveCfg = Release|Any CPU
		{3A261ADC-727D-4DFA-A129-1B1DE0506DE6}.Release|Any CPU.Build.0 = Release|Any CPU
		{CAED1BD5-9DBE-4868-885A-04071C10DE47}.Debug|Any CPU.ActiveCfg = Debug|Any CPU
		{CAED1BD5-9DBE-4868-885A-04071C10DE47}.Debug|Any CPU.Build.0 = Debug|Any CPU
		{CAED1BD5-9DBE-4868-885A-04071C10DE47}.Release|Any CPU.ActiveCfg = Release|Any CPU
		{CAED1BD5-9DBE-4868-885A-04071C10DE47}.Release|Any CPU.Build.0 = Release|Any CPU
		{EA20D32C-DBBF-41E5-AEF2-0A6E45BAF2E2}.Debug|Any CPU.ActiveCfg = Debug|Any CPU
		{EA20D32C-DBBF-41E5-AEF2-0A6E45BAF2E2}.Debug|Any CPU.Build.0 = Debug|Any CPU
		{EA20D32C-DBBF-41E5-AEF2-0A6E45BAF2E2}.Release|Any CPU.ActiveCfg = Release|Any CPU
		{EA20D32C-DBBF-41E5-AEF2-0A6E45BAF2E2}.Release|Any CPU.Build.0 = Release|Any CPU
	EndGlobalSection
	GlobalSection(SolutionProperties) = preSolution
		HideSolutionNode = FALSE
	EndGlobalSection
	GlobalSection(ExtensibilityGlobals) = postSolution
		SolutionGuid = {53622F82-0489-4FC4-ADAA-2BFF7C69D967}
	EndGlobalSection
EndGlobal
